# This file is automatically @generated by Poetry 1.5.1 and should not be changed by hand.

[[package]]
name = "autopep8"
version = "2.0.4"
description = "A tool that automatically formats Python code to conform to the PEP 8 style guide"
optional = false
python-versions = ">=3.6"
files = [
    {file = "autopep8-2.0.4-py2.py3-none-any.whl", hash = "sha256:067959ca4a07b24dbd5345efa8325f5f58da4298dab0dde0443d5ed765de80cb"},
    {file = "autopep8-2.0.4.tar.gz", hash = "sha256:2913064abd97b3419d1cc83ea71f042cb821f87e45b9c88cad5ad3c4ea87fe0c"},
]

[package.dependencies]
pycodestyle = ">=2.10.0"
tomli = {version = "*", markers = "python_version < \"3.11\""}

[[package]]
name = "darkdetect"
version = "0.7.1"
description = "Detect OS Dark Mode from Python"
optional = false
python-versions = "*"
files = [
    {file = "darkdetect-0.7.1-py2.py3-none-any.whl", hash = "sha256:3efe69f8ecd5f1b7f4fbb0d1d93f656b0e493c45cc49222380ffe2a529cbc866"},
    {file = "darkdetect-0.7.1.tar.gz", hash = "sha256:47be3cf5134432ddb616bbffc927237718407914993c82809983e7ccebf49013"},
]

[[package]]
name = "pycodestyle"
version = "2.10.0"
description = "Python style guide checker"
optional = false
python-versions = ">=3.6"
files = [
    {file = "pycodestyle-2.10.0-py2.py3-none-any.whl", hash = "sha256:8a4eaf0d0495c7395bdab3589ac2db602797d76207242c17d470186815706610"},
    {file = "pycodestyle-2.10.0.tar.gz", hash = "sha256:347187bdb476329d98f695c213d7295a846d1152ff4fe9bacb8a9590b8ee7053"},
]

[[package]]
name = "pyqtdarktheme"
version = "2.1.0"
description = "Flat dark theme for PySide and PyQt."
optional = false
python-versions = ">=3.7,<3.12"
files = [
    {file = "pyqtdarktheme-2.1.0-py3-none-any.whl", hash = "sha256:8739d99502230fbaca42551ea033c9ae31c81c4ebfec2f1ffde38f32a18bea7a"},
    {file = "pyqtdarktheme-2.1.0.tar.gz", hash = "sha256:5f8274ddfa3a5481ed9743cdb0f9debfeb7ff695b3a0d202a8104361d17dadb8"},
]

[package.dependencies]
darkdetect = ">=0.7.1,<0.8.0"

[[package]]
name = "pyside6"
version = "6.5.2"
description = "Python bindings for the Qt cross-platform application and UI framework"
optional = false
python-versions = "<3.12,>=3.7"
files = [
    {file = "PySide6-6.5.2-cp37-abi3-macosx_10_9_universal2.whl", hash = "sha256:b509e4d3ffde4a594d70000f881452643c9aaed800bad2959882075c01f72428"},
    {file = "PySide6-6.5.2-cp37-abi3-manylinux_2_28_x86_64.whl", hash = "sha256:e6d879ca0f8827a7866856fbedd08857e4bd8f9a858dc998dea10d1913e97938"},
    {file = "PySide6-6.5.2-cp37-abi3-win_amd64.whl", hash = "sha256:0356dc73c138c25b980d716e425801a61d4aa1d9f7811cf8a825499edfd4d1ae"},
    {file = "PySide6-6.5.2-pp39-pypy39_pp73-macosx_10_9_universal2.whl", hash = "sha256:f0944cb0da34dc3b0bb62c7a20b6618667760eccdaa4262a90ba7f64b19fb783"},
    {file = "PySide6-6.5.2-pp39-pypy39_pp73-manylinux_2_28_x86_64.whl", hash = "sha256:ca259b4377eb74e4c9cb74a2afb18c37658f0c83dc18229d1f325974739f6df2"},
    {file = "PySide6-6.5.2-pp39-pypy39_pp73-win_amd64.whl", hash = "sha256:ad82cb12f805c5bec7693d6f1c0d6e4ae4b9462eb368a81bc0d3091de8fae76e"},
]

[package.dependencies]
PySide6-Addons = "6.5.2"
PySide6-Essentials = "6.5.2"
shiboken6 = "6.5.2"

[[package]]
name = "pyside6-addons"
version = "6.5.2"
description = "Python bindings for the Qt cross-platform application and UI framework (Addons)"
optional = false
python-versions = "<3.12,>=3.7"
files = [
    {file = "PySide6_Addons-6.5.2-cp37-abi3-macosx_10_9_universal2.whl", hash = "sha256:a31cb7eca2e8cd80332e131124ed9ad197610a2a80eac4f2bd58e9124e38060a"},
    {file = "PySide6_Addons-6.5.2-cp37-abi3-manylinux_2_28_x86_64.whl", hash = "sha256:bea98d823179b814109dcf3ac6c8a0eddf886570aa9ef8ef09b6bae37bc227ca"},
    {file = "PySide6_Addons-6.5.2-cp37-abi3-win_amd64.whl", hash = "sha256:c77e06fd511cc8b9292c01724504d6806c33c1f5904bc59f5a8c560a74c15438"},
    {file = "PySide6_Addons-6.5.2-pp39-pypy39_pp73-macosx_10_9_universal2.whl", hash = "sha256:15bf592e54b3409853c3db23bdb20fb14725b84d50feee862e8b2a3a8a3a0627"},
    {file = "PySide6_Addons-6.5.2-pp39-pypy39_pp73-manylinux_2_28_x86_64.whl", hash = "sha256:26b55a658fed94a0b3c09927b408663860aca530bf6e83040dcb8fdcc221877d"},
    {file = "PySide6_Addons-6.5.2-pp39-pypy39_pp73-win_amd64.whl", hash = "sha256:793a53b7db32f7780fa9571a14f0bce3700604247127cdb2125b380c577a92eb"},
]

[package.dependencies]
PySide6-Essentials = "6.5.2"
shiboken6 = "6.5.2"

[[package]]
name = "pyside6-essentials"
version = "6.5.2"
description = "Python bindings for the Qt cross-platform application and UI framework (Essentials)"
optional = false
python-versions = "<3.12,>=3.7"
files = [
    {file = "PySide6_Essentials-6.5.2-cp37-abi3-macosx_10_9_universal2.whl", hash = "sha256:c9606de7afaee57f2c0861cc4b973bd630556dd38ec0d1542560cba81c27ab81"},
    {file = "PySide6_Essentials-6.5.2-cp37-abi3-manylinux_2_28_x86_64.whl", hash = "sha256:1620e82b38714a1570b142c01694d0415a25526517b24620ff9b00c9f76cfca9"},
    {file = "PySide6_Essentials-6.5.2-cp37-abi3-win_amd64.whl", hash = "sha256:e67b10f96f0ac5ed24d7e3c4985d37c70550a9dee6f38b127faf5e5341151665"},
    {file = "PySide6_Essentials-6.5.2-pp39-pypy39_pp73-macosx_10_9_universal2.whl", hash = "sha256:149f1db77d82f35c6a88a403f5297645ebe737df28e163ac4dc402dfa0b961ee"},
    {file = "PySide6_Essentials-6.5.2-pp39-pypy39_pp73-manylinux_2_28_x86_64.whl", hash = "sha256:4be6ed964cb863823f2788717b9a6ba8f1d94eb3fa2bf1584f4621ab5e021e27"},
    {file = "PySide6_Essentials-6.5.2-pp39-pypy39_pp73-win_amd64.whl", hash = "sha256:6b21cf78b33554f793d409d79b828d9578d34200c86f813ef1b8dac756589b71"},
]

[package.dependencies]
shiboken6 = "6.5.2"

[[package]]
name = "shiboken6"
version = "6.5.2"
description = "Python/C++ bindings helper module"
optional = false
python-versions = "<3.12,>=3.7"
files = [
    {file = "shiboken6-6.5.2-cp37-abi3-macosx_10_9_universal2.whl", hash = "sha256:ba7af130d34ea03e329baebd80982d2635aee7e58dbb07a07085509a501ed03f"},
    {file = "shiboken6-6.5.2-cp37-abi3-manylinux_2_28_x86_64.whl", hash = "sha256:3fbc35ff3c19e7d39433671bfc1be3d7fa9d071bfdd0ffe1c2a4d27acd6cf6a5"},
    {file = "shiboken6-6.5.2-cp37-abi3-win_amd64.whl", hash = "sha256:558bdb3b0ccc8aac5f9029eabfd6ad8d41f93a87cd7f54395e07732fce39280d"},
    {file = "shiboken6-6.5.2-pp39-pypy39_pp73-macosx_10_9_universal2.whl", hash = "sha256:4e073b40734a7f9cc6ac289c735362967bb45c34f591f7c0fab7cef1d62e6a66"},
    {file = "shiboken6-6.5.2-pp39-pypy39_pp73-manylinux_2_28_x86_64.whl", hash = "sha256:cc89759aabafce49b629b189ed7c81986fedaac695714a4eed1aaeb16783c6a9"},
    {file = "shiboken6-6.5.2-pp39-pypy39_pp73-win_amd64.whl", hash = "sha256:e60d8dd3292e3f87662b9e37ae5c558c519f8250da627c473b68bd8d24ed3243"},
]

[[package]]
name = "tomli"
version = "2.0.1"
description = "A lil' TOML parser"
optional = false
python-versions = ">=3.7"
files = [
    {file = "tomli-2.0.1-py3-none-any.whl", hash = "sha256:939de3e7a6161af0c887ef91b7d41a53e7c5a1ca976325f429cb46ea9bc30ecc"},
    {file = "tomli-2.0.1.tar.gz", hash = "sha256:de526c12914f0c550d15924c62d72abc48d6fe7364aa87328337a31007fe8a4f"},
]

[metadata]
lock-version = "2.0"
python-versions = "<3.12,>=3.7"
content-hash = "e789c8e5984413af6993b66f99cc80982c76ce9b90686ca4eb51a98a8886e6d8"
